
Microsoft Visual Studio Solution File, Format Version 12.00
# Visual Studio Version 17
VisualStudioVersion = 17.11.35303.130
MinimumVisualStudioVersion = 10.0.40219.1
Project("{9A19103F-16F7-4668-BE54-9A1E7A4F7556}") = "SignalF.Studio.Maui.Client", "SignalF.Studio.Maui.Client\SignalF.Studio.Maui.Client.csproj", "{0E88D635-5E33-4BE0-8DAC-7F17F5272CC4}"
EndProject
Project("{9A19103F-16F7-4668-BE54-9A1E7A4F7556}") = "SignalF.Studio.Maui.Server", "SignalF.Studio.Maui.Server\SignalF.Studio.Maui.Server.csproj", "{33998022-704C-4D19-BEDA-A73E21A4BD6D}"
EndProject
Project("{9A19103F-16F7-4668-BE54-9A1E7A4F7556}") = "SignalF.Studio.Designer", "SignalF.Studio.Designer\SignalF.Studio.Designer.csproj", "{B6962395-EEA2-4DFA-B5DD-E9C19CCB621A}"
EndProject
Global
	GlobalSection(SolutionConfigurationPlatforms) = preSolution
		Debug|Any CPU = Debug|Any CPU
		Release|Any CPU = Release|Any CPU
	EndGlobalSection
	GlobalSection(ProjectConfigurationPlatforms) = postSolution
		{0E88D635-5E33-4BE0-8DAC-7F17F5272CC4}.Debug|Any CPU.ActiveCfg = Debug|Any CPU
		{0E88D635-5E33-4BE0-8DAC-7F17F5272CC4}.Debug|Any CPU.Build.0 = Debug|Any CPU
		{0E88D635-5E33-4BE0-8DAC-7F17F5272CC4}.Release|Any CPU.ActiveCfg = Release|Any CPU
		{0E88D635-5E33-4BE0-8DAC-7F17F5272CC4}.Release|Any CPU.Build.0 = Release|Any CPU
		{33998022-704C-4D19-BEDA-A73E21A4BD6D}.Debug|Any CPU.ActiveCfg = Debug|Any CPU
		{33998022-704C-4D19-BEDA-A73E21A4BD6D}.Debug|Any CPU.Build.0 = Debug|Any CPU
		{33998022-704C-4D19-BEDA-A73E21A4BD6D}.Release|Any CPU.ActiveCfg = Release|Any CPU
		{33998022-704C-4D19-BEDA-A73E21A4BD6D}.Release|Any CPU.Build.0 = Release|Any CPU
		{B6962395-EEA2-4DFA-B5DD-E9C19CCB621A}.Debug|Any CPU.ActiveCfg = Debug|Any CPU
		{B6962395-EEA2-4DFA-B5DD-E9C19CCB621A}.Debug|Any CPU.Build.0 = Debug|Any CPU
		{B6962395-EEA2-4DFA-B5DD-E9C19CCB621A}.Release|Any CPU.ActiveCfg = Release|Any CPU
		{B6962395-EEA2-4DFA-B5DD-E9C19CCB621A}.Release|Any CPU.Build.0 = Release|Any CPU
	EndGlobalSection
	GlobalSection(SolutionProperties) = preSolution
		HideSolutionNode = FALSE
	EndGlobalSection
	GlobalSection(ExtensibilityGlobals) = postSolution
		SolutionGuid = {D89F3723-D951-4E29-8B9F-0493D5662055}
	EndGlobalSection
EndGlobal
