
Microsoft Visual Studio Solution File, Format Version 12.00
# Visual Studio Version 17
VisualStudioVersion = 17.11.35303.130
MinimumVisualStudioVersion = 10.0.40219.1
Project("{9A19103F-16F7-4668-BE54-9A1E7A4F7556}") = "SignalF.Studio.Designer", "SignalF.Studio.Designer\SignalF.Studio.Designer.csproj", "{B3A8B32D-46F2-4667-BB5B-DEC8C6CF5DF4}"
EndProject
Project("{9A19103F-16F7-4668-BE54-9A1E7A4F7556}") = "SignalF.Studio", "SignalF.Studio\SignalF.Studio.csproj", "{764C9D44-19D6-43C2-BA8E-480FBEC944EE}"
EndProject
Global
	GlobalSection(SolutionConfigurationPlatforms) = preSolution
		Debug|Any CPU = Debug|Any CPU
		Release|Any CPU = Release|Any CPU
	EndGlobalSection
	GlobalSection(ProjectConfigurationPlatforms) = postSolution
		{B3A8B32D-46F2-4667-BB5B-DEC8C6CF5DF4}.Debug|Any CPU.ActiveCfg = Debug|Any CPU
		{B3A8B32D-46F2-4667-BB5B-DEC8C6CF5DF4}.Debug|Any CPU.Build.0 = Debug|Any CPU
		{B3A8B32D-46F2-4667-BB5B-DEC8C6CF5DF4}.Release|Any CPU.ActiveCfg = Release|Any CPU
		{B3A8B32D-46F2-4667-BB5B-DEC8C6CF5DF4}.Release|Any CPU.Build.0 = Release|Any CPU
		{764C9D44-19D6-43C2-BA8E-480FBEC944EE}.Debug|Any CPU.ActiveCfg = Debug|Any CPU
		{764C9D44-19D6-43C2-BA8E-480FBEC944EE}.Debug|Any CPU.Build.0 = Debug|Any CPU
		{764C9D44-19D6-43C2-BA8E-480FBEC944EE}.Release|Any CPU.ActiveCfg = Release|Any CPU
		{764C9D44-19D6-43C2-BA8E-480FBEC944EE}.Release|Any CPU.Build.0 = Release|Any CPU
	EndGlobalSection
	GlobalSection(SolutionProperties) = preSolution
		HideSolutionNode = FALSE
	EndGlobalSection
	GlobalSection(ExtensibilityGlobals) = postSolution
		SolutionGuid = {D89F3723-D951-4E29-8B9F-0493D5662055}
	EndGlobalSection
EndGlobal
